{
  "nodes": {
    "logos-cpp-sdk": {
      "inputs": {
        "nixpkgs": "nixpkgs"
      },
      "locked": {
        "lastModified": 1759953016,
        "narHash": "sha256-ehhV4GqVHkjwjJmqmymwrLsrODvmaxyeJS4bCfs9Spo=",
        "owner": "logos-co",
        "repo": "logos-cpp-sdk",
        "rev": "84d4b24daed4aadf7109706f8ca546ce7604e76c",
        "type": "github"
      },
      "original": {
        "owner": "logos-co",
        "repo": "logos-cpp-sdk",
        "type": "github"
      }
    },
    "logos-cpp-sdk_2": {
      "inputs": {
        "nixpkgs": "nixpkgs_2"
      },
      "locked": {
        "lastModified": 1759953016,
        "narHash": "sha256-ehhV4GqVHkjwjJmqmymwrLsrODvmaxyeJS4bCfs9Spo=",
        "owner": "logos-co",
        "repo": "logos-cpp-sdk",
        "rev": "84d4b24daed4aadf7109706f8ca546ce7604e76c",
        "type": "github"
      },
      "original": {
        "owner": "logos-co",
        "repo": "logos-cpp-sdk",
        "type": "github"
      }
    },
    "logos-cpp-sdk_3": {
      "inputs": {
        "nixpkgs": "nixpkgs_4"
      },
      "locked": {
        "lastModified": 1759953016,
        "narHash": "sha256-ehhV4GqVHkjwjJmqmymwrLsrODvmaxyeJS4bCfs9Spo=",
        "owner": "logos-co",
        "repo": "logos-cpp-sdk",
        "rev": "84d4b24daed4aadf7109706f8ca546ce7604e76c",
        "type": "github"
      },
      "original": {
        "owner": "logos-co",
        "repo": "logos-cpp-sdk",
        "type": "github"
      }
    },
    "logos-cpp-sdk_4": {
      "inputs": {
        "nixpkgs": "nixpkgs_5"
      },
      "locked": {
        "lastModified": 1759953016,
        "narHash": "sha256-ehhV4GqVHkjwjJmqmymwrLsrODvmaxyeJS4bCfs9Spo=",
        "owner": "logos-co",
        "repo": "logos-cpp-sdk",
        "rev": "84d4b24daed4aadf7109706f8ca546ce7604e76c",
        "type": "github"
      },
      "original": {
        "owner": "logos-co",
        "repo": "logos-cpp-sdk",
        "type": "github"
      }
    },
    "logos-liblogos": {
      "inputs": {
        "logos-cpp-sdk": "logos-cpp-sdk_2",
        "nixpkgs": "nixpkgs_3"
      },
      "locked": {
        "lastModified": 1760107471,
        "narHash": "sha256-F9X6Q70B9gJXipwZOHiQAJC7jQbR2ZTsBAXBlBnXFl8=",
        "owner": "logos-co",
        "repo": "logos-liblogos",
        "rev": "43d05855b9d9e46441699661233f97accf09771c",
        "type": "github"
      },
      "original": {
        "owner": "logos-co",
        "repo": "logos-liblogos",
        "type": "github"
      }
    },
    "logos-liblogos_2": {
      "inputs": {
        "logos-cpp-sdk": "logos-cpp-sdk_4",
        "nixpkgs": "nixpkgs_6"
      },
      "locked": {
        "lastModified": 1759956013,
        "narHash": "sha256-s0M81l6XS9qKvqx7XMejeG2s4o+cd6SeTxG3uX61/qs=",
        "owner": "logos-co",
        "repo": "logos-liblogos",
        "rev": "84b4feb72e3c304b7288fab58d0e4d222c535934",
        "type": "github"
      },
      "original": {
        "owner": "logos-co",
        "repo": "logos-liblogos",
        "type": "github"
      }
    },
    "logos-waku-module": {
      "inputs": {
        "logos-cpp-sdk": "logos-cpp-sdk_3",
        "logos-liblogos": "logos-liblogos_2",
        "nixpkgs": "nixpkgs_7"
      },
      "locked": {
        "lastModified": 1761071021,
        "narHash": "sha256-7YUXJFdkyjGWufg+7fTlJZjGiN4WXp84TNH1yPHasb0=",
        "ref": "update_flake",
        "rev": "fb6dc746d0c8885c3467feedbf252bd7858411c0",
        "revCount": 12,
        "type": "git",
        "url": "ssh://git@github.com/logos-co/logos-waku-module.git"
      },
      "original": {
        "ref": "update_flake",
        "rev": "fb6dc746d0c8885c3467feedbf252bd7858411c0",
        "type": "git",
        "url": "ssh://git@github.com/logos-co/logos-waku-module.git"
      }
    },
    "nixpkgs": {
      "locked": {
        "lastModified": 1759036355,
        "narHash": "sha256-0m27AKv6ka+q270dw48KflE0LwQYrO7Fm4/2//KCVWg=",
        "owner": "NixOS",
        "repo": "nixpkgs",
        "rev": "e9f00bd893984bc8ce46c895c3bf7cac95331127",
        "type": "github"
      },
      "original": {
        "owner": "NixOS",
        "ref": "nixos-unstable",
        "repo": "nixpkgs",
        "type": "github"
      }
    },
    "nixpkgs_2": {
      "locked": {
        "lastModified": 1759036355,
        "narHash": "sha256-0m27AKv6ka+q270dw48KflE0LwQYrO7Fm4/2//KCVWg=",
        "owner": "NixOS",
        "repo": "nixpkgs",
        "rev": "e9f00bd893984bc8ce46c895c3bf7cac95331127",
        "type": "github"
      },
      "original": {
        "owner": "NixOS",
        "ref": "nixos-unstable",
        "repo": "nixpkgs",
        "type": "github"
      }
    },
    "nixpkgs_3": {
      "locked": {
        "lastModified": 1759036355,
        "narHash": "sha256-0m27AKv6ka+q270dw48KflE0LwQYrO7Fm4/2//KCVWg=",
        "owner": "NixOS",
        "repo": "nixpkgs",
        "rev": "e9f00bd893984bc8ce46c895c3bf7cac95331127",
        "type": "github"
      },
      "original": {
        "owner": "NixOS",
        "ref": "nixos-unstable",
        "repo": "nixpkgs",
        "type": "github"
      }
    },
    "nixpkgs_4": {
      "locked": {
        "lastModified": 1759036355,
        "narHash": "sha256-0m27AKv6ka+q270dw48KflE0LwQYrO7Fm4/2//KCVWg=",
        "owner": "NixOS",
        "repo": "nixpkgs",
        "rev": "e9f00bd893984bc8ce46c895c3bf7cac95331127",
        "type": "github"
      },
      "original": {
        "owner": "NixOS",
        "ref": "nixos-unstable",
        "repo": "nixpkgs",
        "type": "github"
      }
    },
    "nixpkgs_5": {
      "locked": {
        "lastModified": 1759036355,
        "narHash": "sha256-0m27AKv6ka+q270dw48KflE0LwQYrO7Fm4/2//KCVWg=",
        "owner": "NixOS",
        "repo": "nixpkgs",
        "rev": "e9f00bd893984bc8ce46c895c3bf7cac95331127",
        "type": "github"
      },
      "original": {
        "owner": "NixOS",
        "ref": "nixos-unstable",
        "repo": "nixpkgs",
        "type": "github"
      }
    },
    "nixpkgs_6": {
      "locked": {
        "lastModified": 1759036355,
        "narHash": "sha256-0m27AKv6ka+q270dw48KflE0LwQYrO7Fm4/2//KCVWg=",
        "owner": "NixOS",
        "repo": "nixpkgs",
        "rev": "e9f00bd893984bc8ce46c895c3bf7cac95331127",
        "type": "github"
      },
      "original": {
        "owner": "NixOS",
        "ref": "nixos-unstable",
        "repo": "nixpkgs",
        "type": "github"
      }
    },
    "nixpkgs_7": {
      "locked": {
        "lastModified": 1759831965,
        "narHash": "sha256-vgPm2xjOmKdZ0xKA6yLXPJpjOtQPHfaZDRtH+47XEBo=",
        "owner": "NixOS",
        "repo": "nixpkgs",
        "rev": "c9b6fb798541223bbb396d287d16f43520250518",
        "type": "github"
      },
      "original": {
        "owner": "NixOS",
        "ref": "nixos-unstable",
        "repo": "nixpkgs",
        "type": "github"
      }
    },
    "nixpkgs_8": {
      "locked": {
        "lastModified": 1760878510,
        "narHash": "sha256-K5Osef2qexezUfs0alLvZ7nQFTGS9DL2oTVsIXsqLgs=",
        "owner": "NixOS",
        "repo": "nixpkgs",
        "rev": "5e2a59a5b1a82f89f2c7e598302a9cacebb72a67",
        "type": "github"
      },
      "original": {
        "owner": "NixOS",
        "ref": "nixos-unstable",
        "repo": "nixpkgs",
        "type": "github"
      }
    },
    "root": {
      "inputs": {
        "logos-cpp-sdk": "logos-cpp-sdk",
        "logos-liblogos": "logos-liblogos",
        "logos-waku-module": "logos-waku-module",
        "nixpkgs": "nixpkgs_8"
      }
    }
  },
  "root": "root",
  "version": 7
}
